
Microsoft Visual Studio Solution File, Format Version 12.00
# Visual Studio 2012
Project("{8BC9CEB8-8B4A-11D0-8D11-00A0C91BC942}") = "VcProject", "VcProject\VcProject.vcxproj", "{DC050F04-EAEE-43D6-81EC-DFA9F75D0E57}"
EndProject
Project("{8BC9CEB8-8B4A-11D0-8D11-00A0C91BC942}") = "VcUnitTestProject", "VcUnitTestProject\VcUnitTestProject.vcxproj", "{53EE1774-D380-4643-9ECC-983B8EFD40DC}"
EndProject
Global
	GlobalSection(SolutionConfigurationPlatforms) = preSolution
		Debug|Win32 = Debug|Win32
		Release|Win32 = Release|Win32
	EndGlobalSection
	GlobalSection(ProjectConfigurationPlatforms) = postSolution
		{DC050F04-EAEE-43D6-81EC-DFA9F75D0E57}.Debug|Win32.ActiveCfg = Debug|Win32
		{DC050F04-EAEE-43D6-81EC-DFA9F75D0E57}.Debug|Win32.Build.0 = Debug|Win32
		{DC050F04-EAEE-43D6-81EC-DFA9F75D0E57}.Release|Win32.ActiveCfg = Release|Win32
		{DC050F04-EAEE-43D6-81EC-DFA9F75D0E57}.Release|Win32.Build.0 = Release|Win32
		{53EE1774-D380-4643-9ECC-983B8EFD40DC}.Debug|Win32.ActiveCfg = Debug|Win32
		{53EE1774-D380-4643-9ECC-983B8EFD40DC}.Debug|Win32.Build.0 = Debug|Win32
		{53EE1774-D380-4643-9ECC-983B8EFD40DC}.Release|Win32.ActiveCfg = Release|Win32
		{53EE1774-D380-4643-9ECC-983B8EFD40DC}.Release|Win32.Build.0 = Release|Win32
	EndGlobalSection
	GlobalSection(SolutionProperties) = preSolution
		HideSolutionNode = FALSE
	EndGlobalSection
EndGlobal
