<?xml version="1.0" encoding="utf-8"?>
<Project ToolsVersion="4.0" xmlns="http://schemas.microsoft.com/developer/msbuild/2003">
  <ItemGroup>
    <Filter Include="源文件">
      <UniqueIdentifier>{4FC737F1-C7A5-4376-A066-2A32D752A2FF}</UniqueIdentifier>
      <Extensions>cpp;c;cc;cxx;def;odl;idl;hpj;bat;asm;asmx</Extensions>
    </Filter>
    <Filter Include="资源文件">
      <UniqueIdentifier>{67DA6AB6-F800-4c08-8B7A-83BB121AAD01}</UniqueIdentifier>
      <Extensions>rc;ico;cur;bmp;dlg;rc2;rct;bin;rgs;gif;jpg;jpeg;jpe;resx;tiff;tif;png;wav;mfcribbon-ms</Extensions>
    </Filter>
    <Filter Include="CodesUnderTest">
      <UniqueIdentifier>{f870e95e-4e99-4d46-a748-6191a7113500}</UniqueIdentifier>
    </Filter>
    <Filter Include="CodesUnderTest\头文件">
      <UniqueIdentifier>{1e560ec7-5818-4f9b-af31-af4da9890046}</UniqueIdentifier>
    </Filter>
    <Filter Include="CodesUnderTest\头文件\Functions">
      <UniqueIdentifier>{74ae38ae-154a-44bd-b67d-f09146c35e64}</UniqueIdentifier>
    </Filter>
    <Filter Include="CodesUnderTest\头文件\Public">
      <UniqueIdentifier>{34a7ca26-1468-43b5-8f3a-6713b5f6bd6c}</UniqueIdentifier>
    </Filter>
    <Filter Include="CodesUnderTest\源文件">
      <UniqueIdentifier>{a83a4a78-93ed-47c1-b6f6-1a79a99a11b3}</UniqueIdentifier>
    </Filter>
    <Filter Include="CodesUnderTest\源文件\Functions">
      <UniqueIdentifier>{12033184-448c-4d06-a100-ddcefe08ed42}</UniqueIdentifier>
    </Filter>
    <Filter Include="CodesUnderTest\源文件\Public">
      <UniqueIdentifier>{7c209ce7-4ff4-425d-83e5-186132abb976}</UniqueIdentifier>
    </Filter>
  </ItemGroup>
  <ItemGroup>
    <ClCompile Include="..\UnitTestCodes\Main.cpp">
      <Filter>源文件</Filter>
    </ClCompile>
    <ClCompile Include="..\UnitTestCodes\UnitTest.cpp">
      <Filter>源文件</Filter>
    </ClCompile>
    <ClCompile Include="..\Codes\Src\Functions\AccessPoint.cpp">
      <Filter>CodesUnderTest\源文件\Functions</Filter>
    </ClCompile>
    <ClCompile Include="..\Codes\Src\Functions\Option.cpp">
      <Filter>CodesUnderTest\源文件\Functions</Filter>
    </ClCompile>
    <ClCompile Include="..\Codes\Src\Functions\Pcap.cpp">
      <Filter>CodesUnderTest\源文件\Functions</Filter>
    </ClCompile>
    <ClCompile Include="..\Codes\Src\Functions\Rc4.cpp">
      <Filter>CodesUnderTest\源文件\Functions</Filter>
    </ClCompile>
    <ClCompile Include="..\Codes\Src\Functions\Station.cpp">
      <Filter>CodesUnderTest\源文件\Functions</Filter>
    </ClCompile>
    <ClCompile Include="..\Codes\Src\Public\Common.cpp">
      <Filter>CodesUnderTest\源文件\Public</Filter>
    </ClCompile>
    <ClCompile Include="..\Codes\Src\Public\Debug.cpp">
      <Filter>CodesUnderTest\源文件\Public</Filter>
    </ClCompile>
    <ClCompile Include="..\Codes\Src\Public\RouterError.cpp">
      <Filter>CodesUnderTest\源文件\Public</Filter>
    </ClCompile>
  </ItemGroup>
  <ItemGroup>
    <ClInclude Include="..\UnitTestCodes\Main.h">
      <Filter>源文件</Filter>
    </ClInclude>
    <ClInclude Include="..\UnitTestCodes\UnitTest.h">
      <Filter>源文件</Filter>
    </ClInclude>
    <ClInclude Include="..\Codes\Include\Functions\AccessPoint.h">
      <Filter>CodesUnderTest\头文件\Functions</Filter>
    </ClInclude>
    <ClInclude Include="..\Codes\Include\Functions\Eapol.h">
      <Filter>CodesUnderTest\头文件\Functions</Filter>
    </ClInclude>
    <ClInclude Include="..\Codes\Include\Functions\Option.h">
      <Filter>CodesUnderTest\头文件\Functions</Filter>
    </ClInclude>
    <ClInclude Include="..\Codes\Include\Functions\Pcap.h">
      <Filter>CodesUnderTest\头文件\Functions</Filter>
    </ClInclude>
    <ClInclude Include="..\Codes\Include\Functions\Rc4.h">
      <Filter>CodesUnderTest\头文件\Functions</Filter>
    </ClInclude>
    <ClInclude Include="..\Codes\Include\Functions\Station.h">
      <Filter>CodesUnderTest\头文件\Functions</Filter>
    </ClInclude>
    <ClInclude Include="..\Codes\Include\Public\Common.h">
      <Filter>CodesUnderTest\头文件\Public</Filter>
    </ClInclude>
    <ClInclude Include="..\Codes\Include\Public\Debug.h">
      <Filter>CodesUnderTest\头文件\Public</Filter>
    </ClInclude>
    <ClInclude Include="..\Codes\Include\Public\RouterError.h">
      <Filter>CodesUnderTest\头文件\Public</Filter>
    </ClInclude>
    <ClInclude Include="..\Codes\Include\Public\SystemInclude.h">
      <Filter>CodesUnderTest\头文件\Public</Filter>
    </ClInclude>
  </ItemGroup>
</Project>