<?xml version="1.0" encoding="utf-8"?>
<Project ToolsVersion="4.0" xmlns="http://schemas.microsoft.com/developer/msbuild/2003">
  <ItemGroup>
    <Filter Include="源文件">
      <UniqueIdentifier>{4FC737F1-C7A5-4376-A066-2A32D752A2FF}</UniqueIdentifier>
      <Extensions>cpp;c;cc;cxx;def;odl;idl;hpj;bat;asm;asmx</Extensions>
    </Filter>
    <Filter Include="资源文件">
      <UniqueIdentifier>{67DA6AB6-F800-4c08-8B7A-83BB121AAD01}</UniqueIdentifier>
      <Extensions>rc;ico;cur;bmp;dlg;rc2;rct;bin;rgs;gif;jpg;jpeg;jpe;resx;tiff;tif;png;wav;mfcribbon-ms</Extensions>
    </Filter>
    <Filter Include="CodesUnderTest">
      <UniqueIdentifier>{f870e95e-4e99-4d46-a748-6191a7113500}</UniqueIdentifier>
    </Filter>
    <Filter Include="CodesUnderTest\头文件">
      <UniqueIdentifier>{d4e31d2d-1f02-4467-8e47-fe4b3f52f3a2}</UniqueIdentifier>
    </Filter>
    <Filter Include="CodesUnderTest\头文件\Functions">
      <UniqueIdentifier>{52d75bc0-f73b-4b54-b097-6331a4d4617e}</UniqueIdentifier>
    </Filter>
    <Filter Include="CodesUnderTest\头文件\Public">
      <UniqueIdentifier>{941fa196-b799-44c4-b8d2-1b45780c1b41}</UniqueIdentifier>
    </Filter>
    <Filter Include="CodesUnderTest\源文件">
      <UniqueIdentifier>{6799d1ea-03fd-45e4-8124-00ec08b666e0}</UniqueIdentifier>
    </Filter>
    <Filter Include="CodesUnderTest\源文件\Functions">
      <UniqueIdentifier>{2c2f1184-aef3-4922-a367-abd5a22de2b6}</UniqueIdentifier>
    </Filter>
    <Filter Include="CodesUnderTest\源文件\Public">
      <UniqueIdentifier>{8c3e79c2-e2d6-41b3-816b-0ba34ffae27f}</UniqueIdentifier>
    </Filter>
  </ItemGroup>
  <ItemGroup>
    <ClCompile Include="..\UnitTestCodes\Main.cpp">
      <Filter>源文件</Filter>
    </ClCompile>
    <ClCompile Include="..\Codes\Src\Functions\Option.cpp">
      <Filter>CodesUnderTest\源文件\Functions</Filter>
    </ClCompile>
    <ClCompile Include="..\Codes\Src\Functions\Rc4.cpp">
      <Filter>CodesUnderTest\源文件\Functions</Filter>
    </ClCompile>
    <ClCompile Include="..\Codes\Src\Functions\Station.cpp">
      <Filter>CodesUnderTest\源文件\Functions</Filter>
    </ClCompile>
    <ClCompile Include="..\Codes\Src\Public\Common.cpp">
      <Filter>CodesUnderTest\源文件\Public</Filter>
    </ClCompile>
    <ClCompile Include="..\Codes\Src\Public\Debug.cpp">
      <Filter>CodesUnderTest\源文件\Public</Filter>
    </ClCompile>
    <ClCompile Include="..\Codes\Src\Public\SystemError.cpp">
      <Filter>CodesUnderTest\源文件\Public</Filter>
    </ClCompile>
    <ClCompile Include="..\UnitTestCodes\Rc4UnitTest.cpp">
      <Filter>源文件</Filter>
    </ClCompile>
    <ClCompile Include="..\UnitTestCodes\CrcUnitTest.cpp">
      <Filter>源文件</Filter>
    </ClCompile>
    <ClCompile Include="..\Codes\Src\Public\Crc32.cpp">
      <Filter>CodesUnderTest\源文件\Public</Filter>
    </ClCompile>
  </ItemGroup>
  <ItemGroup>
    <ClInclude Include="..\UnitTestCodes\Main.h">
      <Filter>源文件</Filter>
    </ClInclude>
    <ClInclude Include="..\Codes\Include\Functions\Eapol.h">
      <Filter>CodesUnderTest\头文件\Functions</Filter>
    </ClInclude>
    <ClInclude Include="..\Codes\Include\Functions\Option.h">
      <Filter>CodesUnderTest\头文件\Functions</Filter>
    </ClInclude>
    <ClInclude Include="..\Codes\Include\Functions\Rc4.h">
      <Filter>CodesUnderTest\头文件\Functions</Filter>
    </ClInclude>
    <ClInclude Include="..\Codes\Include\Functions\Station.h">
      <Filter>CodesUnderTest\头文件\Functions</Filter>
    </ClInclude>
    <ClInclude Include="..\Codes\Include\Public\Common.h">
      <Filter>CodesUnderTest\头文件\Public</Filter>
    </ClInclude>
    <ClInclude Include="..\Codes\Include\Public\Debug.h">
      <Filter>CodesUnderTest\头文件\Public</Filter>
    </ClInclude>
    <ClInclude Include="..\Codes\Include\Public\SystemInclude.h">
      <Filter>CodesUnderTest\头文件\Public</Filter>
    </ClInclude>
    <ClInclude Include="..\Codes\Include\Public\SystemError.h">
      <Filter>CodesUnderTest\头文件\Public</Filter>
    </ClInclude>
    <ClInclude Include="..\UnitTestCodes\Rc4UnitTest.h">
      <Filter>源文件</Filter>
    </ClInclude>
    <ClInclude Include="..\UnitTestCodes\CrcUnitTest.h">
      <Filter>源文件</Filter>
    </ClInclude>
    <ClInclude Include="..\Codes\Include\Public\Crc32.h">
      <Filter>CodesUnderTest\头文件\Public</Filter>
    </ClInclude>
  </ItemGroup>
</Project>