<?xml version="1.0" encoding="utf-8"?>
<Project ToolsVersion="4.0" xmlns="http://schemas.microsoft.com/developer/msbuild/2003">
  <ItemGroup>
    <Filter Include="源文件">
      <UniqueIdentifier>{4FC737F1-C7A5-4376-A066-2A32D752A2FF}</UniqueIdentifier>
      <Extensions>cpp;c;cc;cxx;def;odl;idl;hpj;bat;asm;asmx</Extensions>
    </Filter>
    <Filter Include="头文件">
      <UniqueIdentifier>{93995380-89BD-4b04-88EB-625FBE52EBFB}</UniqueIdentifier>
      <Extensions>h;hpp;hxx;hm;inl;inc;xsd</Extensions>
    </Filter>
    <Filter Include="资源文件">
      <UniqueIdentifier>{67DA6AB6-F800-4c08-8B7A-83BB121AAD01}</UniqueIdentifier>
      <Extensions>rc;ico;cur;bmp;dlg;rc2;rct;bin;rgs;gif;jpg;jpeg;jpe;resx;tiff;tif;png;wav;mfcribbon-ms</Extensions>
    </Filter>
    <Filter Include="Main">
      <UniqueIdentifier>{84dc8d82-9574-48b3-b5b0-65f43b67006c}</UniqueIdentifier>
    </Filter>
    <Filter Include="头文件\Functions">
      <UniqueIdentifier>{e59730db-111b-4cc0-8c05-fe93ca5433a5}</UniqueIdentifier>
    </Filter>
    <Filter Include="头文件\Public">
      <UniqueIdentifier>{98695b05-dbf5-4ce4-8b25-f4768cdeab89}</UniqueIdentifier>
    </Filter>
    <Filter Include="源文件\Functions">
      <UniqueIdentifier>{60385bfd-cfab-41d0-b8a9-85749f2fafcc}</UniqueIdentifier>
    </Filter>
    <Filter Include="源文件\Public">
      <UniqueIdentifier>{1336dca0-48da-4e78-a49b-9bc37b64da86}</UniqueIdentifier>
    </Filter>
  </ItemGroup>
  <ItemGroup>
    <ClCompile Include="..\Codes\Main.cpp">
      <Filter>Main</Filter>
    </ClCompile>
    <ClCompile Include="..\Codes\Src\Functions\AccessPoint.cpp">
      <Filter>源文件\Functions</Filter>
    </ClCompile>
    <ClCompile Include="..\Codes\Src\Functions\Option.cpp">
      <Filter>源文件\Functions</Filter>
    </ClCompile>
    <ClCompile Include="..\Codes\Src\Functions\Pcap.cpp">
      <Filter>源文件\Functions</Filter>
    </ClCompile>
    <ClCompile Include="..\Codes\Src\Functions\Rc4.cpp">
      <Filter>源文件\Functions</Filter>
    </ClCompile>
    <ClCompile Include="..\Codes\Src\Functions\Station.cpp">
      <Filter>源文件\Functions</Filter>
    </ClCompile>
    <ClCompile Include="..\Codes\Src\Public\Common.cpp">
      <Filter>源文件\Public</Filter>
    </ClCompile>
    <ClCompile Include="..\Codes\Src\Public\Debug.cpp">
      <Filter>源文件\Public</Filter>
    </ClCompile>
    <ClCompile Include="..\Codes\Src\Public\SystemError.cpp">
      <Filter>源文件\Public</Filter>
    </ClCompile>
    <ClCompile Include="..\Codes\Src\Functions\Cracker.cpp">
      <Filter>源文件\Functions</Filter>
    </ClCompile>
    <ClCompile Include="..\Codes\Src\Functions\PktDbWrapper.cpp">
      <Filter>源文件\Functions</Filter>
    </ClCompile>
  </ItemGroup>
  <ItemGroup>
    <ClInclude Include="..\Codes\Main.h">
      <Filter>Main</Filter>
    </ClInclude>
    <ClInclude Include="..\Codes\Include\Functions\AccessPoint.h">
      <Filter>头文件\Functions</Filter>
    </ClInclude>
    <ClInclude Include="..\Codes\Include\Functions\Eapol.h">
      <Filter>头文件\Functions</Filter>
    </ClInclude>
    <ClInclude Include="..\Codes\Include\Functions\Option.h">
      <Filter>头文件\Functions</Filter>
    </ClInclude>
    <ClInclude Include="..\Codes\Include\Functions\Pcap.h">
      <Filter>头文件\Functions</Filter>
    </ClInclude>
    <ClInclude Include="..\Codes\Include\Functions\Rc4.h">
      <Filter>头文件\Functions</Filter>
    </ClInclude>
    <ClInclude Include="..\Codes\Include\Functions\Station.h">
      <Filter>头文件\Functions</Filter>
    </ClInclude>
    <ClInclude Include="..\Codes\Include\Public\Common.h">
      <Filter>头文件\Public</Filter>
    </ClInclude>
    <ClInclude Include="..\Codes\Include\Public\Debug.h">
      <Filter>头文件\Public</Filter>
    </ClInclude>
    <ClInclude Include="..\Codes\Include\Public\SystemInclude.h">
      <Filter>头文件\Public</Filter>
    </ClInclude>
    <ClInclude Include="..\Codes\Include\Public\SystemError.h">
      <Filter>头文件\Public</Filter>
    </ClInclude>
    <ClInclude Include="..\Codes\Include\Functions\PtwLib.h">
      <Filter>头文件\Functions</Filter>
    </ClInclude>
    <ClInclude Include="..\Codes\Include\Functions\PktDbWrapper.h">
      <Filter>头文件\Functions</Filter>
    </ClInclude>
    <ClInclude Include="..\Codes\Include\Functions\Cracker.h">
      <Filter>头文件\Functions</Filter>
    </ClInclude>
  </ItemGroup>
</Project>